
Microsoft Visual Studio Solution File, Format Version 12.00
# Visual Studio Version 17
VisualStudioVersion = 17.5.002.0
MinimumVisualStudioVersion = 10.0.40219.1
Project("{9A19103F-16F7-4668-BE54-9A1E7A4F7556}") = "TrilhaApiDesafio", "TrilhaApiDesafio.csproj", "{F6CE19C2-2BEF-462F-8653-0966D5DBB097}"
EndProject
Global
	GlobalSection(SolutionConfigurationPlatforms) = preSolution
		Debug|Any CPU = Debug|Any CPU
		Release|Any CPU = Release|Any CPU
	EndGlobalSection
	GlobalSection(ProjectConfigurationPlatforms) = postSolution
		{F6CE19C2-2BEF-462F-8653-0966D5DBB097}.Debug|Any CPU.ActiveCfg = Debug|Any CPU
		{F6CE19C2-2BEF-462F-8653-0966D5DBB097}.Debug|Any CPU.Build.0 = Debug|Any CPU
		{F6CE19C2-2BEF-462F-8653-0966D5DBB097}.Release|Any CPU.ActiveCfg = Release|Any CPU
		{F6CE19C2-2BEF-462F-8653-0966D5DBB097}.Release|Any CPU.Build.0 = Release|Any CPU
	EndGlobalSection
	GlobalSection(SolutionProperties) = preSolution
		HideSolutionNode = FALSE
	EndGlobalSection
	GlobalSection(ExtensibilityGlobals) = postSolution
		SolutionGuid = {CBAF9414-84C6-4FCE-A454-56CB50FEEBE5}
	EndGlobalSection
EndGlobal
